
Microsoft Visual Studio Solution File, Format Version 12.00
# Visual Studio Version 16
VisualStudioVersion = 16.0.29519.87
MinimumVisualStudioVersion = 10.0.40219.1
Project("{9A19103F-16F7-4668-BE54-9A1E7A4F7556}") = "Aula1", "Aula1\Aula1.csproj", "{4C1C816F-14E8-4544-B8F4-8F05C9820503}"
EndProject
Project("{2150E333-8FDC-42A3-9474-1A3956D46DE8}") = "Parte 1", "Parte 1", "{7C6355A7-9086-4878-8588-B9571E07DD51}"
EndProject
Project("{2150E333-8FDC-42A3-9474-1A3956D46DE8}") = "Aula 1- Conceitos Basicos", "Aula 1- Conceitos Basicos", "{695D92CB-3DD6-433B-B7B7-9F51A5537808}"
EndProject
Project("{2150E333-8FDC-42A3-9474-1A3956D46DE8}") = "Aula 2 - Tipos de Dados", "Aula 2 - Tipos de Dados", "{24E0B997-C494-449F-B1BD-860D260FDBE9}"
EndProject
Project("{2150E333-8FDC-42A3-9474-1A3956D46DE8}") = "1-Tipo valor definidos", "1-Tipo valor definidos", "{5FC2030D-5281-4F0A-80B2-06AC6FD9BA98}"
EndProject
Project("{2150E333-8FDC-42A3-9474-1A3956D46DE8}") = "2- Enums", "2- Enums", "{CC16EA53-0F62-4E87-B9B3-355217E1CBE4}"
EndProject
Project("{2150E333-8FDC-42A3-9474-1A3956D46DE8}") = "3- Casting", "3- Casting", "{F7DB4805-3D3D-4E51-9017-D05743A093FA}"
EndProject
Project("{9A19103F-16F7-4668-BE54-9A1E7A4F7556}") = "Aula2_TipoValorPredefinidos", "Aula2\Aula2_TipoValorPredefinidos\Aula2_TipoValorPredefinidos.csproj", "{C0D45F49-EB5D-4ADE-A182-44F61746EF79}"
EndProject
Project("{9A19103F-16F7-4668-BE54-9A1E7A4F7556}") = "Aula2_Enumeradores", "Aula2\Aula2_Enumeradores\Aula2_Enumeradores.csproj", "{FDDEC266-9E16-48BA-89C9-7FC98AD48324}"
EndProject
Project("{9A19103F-16F7-4668-BE54-9A1E7A4F7556}") = "Aula2_Casting", "Aula2\Aula2_Casting\Aula2_Casting.csproj", "{110C8A5F-7647-424F-8EEB-0A52272D5C7C}"
EndProject
Project("{2150E333-8FDC-42A3-9474-1A3956D46DE8}") = "Aula 3 - Tipos de Dados 2", "Aula 3 - Tipos de Dados 2", "{71E5D0C2-81F2-4693-8BDC-7CB3044B2D35}"
EndProject
Project("{2150E333-8FDC-42A3-9474-1A3956D46DE8}") = "1-String", "1-String", "{A85ECD1B-8049-4199-9132-0072F39E10F6}"
EndProject
Project("{2150E333-8FDC-42A3-9474-1A3956D46DE8}") = "2-Constantes", "2-Constantes", "{A3AAE6BA-30BA-42AD-A117-30A9EA10CA46}"
EndProject
Project("{2150E333-8FDC-42A3-9474-1A3956D46DE8}") = "3- Sequencias de escape", "3- Sequencias de escape", "{D848C259-E8CC-44D0-BAA0-44B2EA8760B3}"
EndProject
Project("{2150E333-8FDC-42A3-9474-1A3956D46DE8}") = "Aula 4 - Operadores", "Aula 4 - Operadores", "{8FDB6C23-0D17-4BC0-BD5D-3E161B994A65}"
EndProject
Project("{2150E333-8FDC-42A3-9474-1A3956D46DE8}") = "1- atribuição", "1- atribuição", "{E770BE5D-3113-49CD-A67D-8FA4F6564C75}"
EndProject
Project("{2150E333-8FDC-42A3-9474-1A3956D46DE8}") = "2- aritméticos", "2- aritméticos", "{C442C192-DEC2-42D1-BC62-F79882A75E29}"
EndProject
Project("{2150E333-8FDC-42A3-9474-1A3956D46DE8}") = "3- aritméticos de atribuição", "3- aritméticos de atribuição", "{E3CA2B64-CFD0-433E-BFFD-AC86DD91013B}"
EndProject
Project("{2150E333-8FDC-42A3-9474-1A3956D46DE8}") = "4- Ariteméticos Inc Decr", "4- Ariteméticos Inc Decr", "{CF83B29F-D3CD-4C7D-9E12-F9E90DB8EE57}"
EndProject
Project("{9A19103F-16F7-4668-BE54-9A1E7A4F7556}") = "Aula3_Strings", "Aula3\Aula3_Strings\Aula3_Strings.csproj", "{BDD31A56-091C-42DB-A7E6-7DBBE06B6C86}"
EndProject
Project("{9A19103F-16F7-4668-BE54-9A1E7A4F7556}") = "Aula3_Constantes", "Aula3\Aula3_Constantes\Aula3_Constantes.csproj", "{7E886B6A-129B-466C-B9F0-C8C6EF1154E2}"
EndProject
Project("{9A19103F-16F7-4668-BE54-9A1E7A4F7556}") = "Aula3_SequenciasEscape", "Aula3\Aula3_SequenciasEscape\Aula3_SequenciasEscape.csproj", "{74418671-10B1-4801-901F-B96BC96E0E49}"
EndProject
Project("{9A19103F-16F7-4668-BE54-9A1E7A4F7556}") = "Aula4_Atribuicao", "Aula4\Aula4_Atribuicao\Aula4_Atribuicao.csproj", "{E845202C-3D1D-426B-9DA4-090BEB4A9CD5}"
EndProject
Project("{9A19103F-16F7-4668-BE54-9A1E7A4F7556}") = "Aula4_Aritmeticos", "Aula4\Aula4_Aritmeticos\Aula4_Aritmeticos.csproj", "{EAB51C4E-7F40-41F2-85B4-AD34116D371B}"
EndProject
Project("{9A19103F-16F7-4668-BE54-9A1E7A4F7556}") = "Aula4_AritmeticosAtribuicao", "Aula4\Aula4_AritmeticosAtribuicao\Aula4_AritmeticosAtribuicao.csproj", "{CA342EAD-6A96-4896-84CC-499A9216270E}"
EndProject
Project("{2150E333-8FDC-42A3-9474-1A3956D46DE8}") = "5- Condicional Ternario", "5- Condicional Ternario", "{54B40AB4-8AC2-4B74-B071-E3289FE4742F}"
EndProject
Project("{2150E333-8FDC-42A3-9474-1A3956D46DE8}") = "6-Bitwise", "6-Bitwise", "{7475CFF1-AE99-40B0-91A9-DA8A21B5106F}"
EndProject
Project("{9A19103F-16F7-4668-BE54-9A1E7A4F7556}") = "Aula4_Logicos_Bool_Bitwise", "Aula4\Aula4_Logicos_Bool_Bitwise\Aula4_Logicos_Bool_Bitwise.csproj", "{AD123365-A9BC-475D-BE5D-5F288BBB0161}"
EndProject
Project("{9A19103F-16F7-4668-BE54-9A1E7A4F7556}") = "Aula4_Bitwise", "Aula4\Aula4_Bitwise\Aula4_Bitwise.csproj", "{05DA0029-0138-499D-8B2F-997810F2F3B9}"
EndProject
Project("{9A19103F-16F7-4668-BE54-9A1E7A4F7556}") = "Aula4_IncDec", "Aula4\Aula4_IncDec\Aula4_IncDec.csproj", "{62BC58F6-CC40-4D23-B7ED-B34F635AD70E}"
EndProject
Project("{9A19103F-16F7-4668-BE54-9A1E7A4F7556}") = "Aula4_Ternarios", "Aula4\Aula4_Ternarios\Aula4_Ternarios.csproj", "{35C5F5C0-99D6-4B36-BF3E-615D8E08E1F7}"
EndProject
Project("{2150E333-8FDC-42A3-9474-1A3956D46DE8}") = "Aula 5 - Comandos", "Aula 5 - Comandos", "{EC67A752-6535-4ABD-888B-8F2F2084CC8F}"
EndProject
Project("{FAE04EC0-301F-11D3-BF4B-00C04F79EFBC}") = "Aula5_BlocoComandos", "Aula5\Aula5_BlocoComandos\Aula5_BlocoComandos.csproj", "{1AF970F9-3315-43DD-8E9D-4A43DCD2FC49}"
EndProject
Project("{FAE04EC0-301F-11D3-BF4B-00C04F79EFBC}") = "Aula5_Decisao", "Aula5\Aula5_Decisao\Aula5_Decisao.csproj", "{FA1BE20A-A641-4C91-8B27-00974BE2FF26}"
EndProject
Project("{FAE04EC0-301F-11D3-BF4B-00C04F79EFBC}") = "Aula5_Desvio", "Aula5\Aula5_Desvio\Aula5_Desvio.csproj", "{11212166-DAE2-456E-9EE2-E732E1B3E784}"
EndProject
Project("{FAE04EC0-301F-11D3-BF4B-00C04F79EFBC}") = "Aula5_Iteracao", "Aula5\Aula5_Iteracao\Aula5_Iteracao.csproj", "{D54F5E3E-F13F-4348-8CEE-D3C0A4B87001}"
EndProject
Global
	GlobalSection(SolutionConfigurationPlatforms) = preSolution
		Debug|Any CPU = Debug|Any CPU
		Release|Any CPU = Release|Any CPU
	EndGlobalSection
	GlobalSection(ProjectConfigurationPlatforms) = postSolution
		{4C1C816F-14E8-4544-B8F4-8F05C9820503}.Debug|Any CPU.ActiveCfg = Debug|Any CPU
		{4C1C816F-14E8-4544-B8F4-8F05C9820503}.Debug|Any CPU.Build.0 = Debug|Any CPU
		{4C1C816F-14E8-4544-B8F4-8F05C9820503}.Release|Any CPU.ActiveCfg = Release|Any CPU
		{4C1C816F-14E8-4544-B8F4-8F05C9820503}.Release|Any CPU.Build.0 = Release|Any CPU
		{C0D45F49-EB5D-4ADE-A182-44F61746EF79}.Debug|Any CPU.ActiveCfg = Debug|Any CPU
		{C0D45F49-EB5D-4ADE-A182-44F61746EF79}.Debug|Any CPU.Build.0 = Debug|Any CPU
		{C0D45F49-EB5D-4ADE-A182-44F61746EF79}.Release|Any CPU.ActiveCfg = Release|Any CPU
		{C0D45F49-EB5D-4ADE-A182-44F61746EF79}.Release|Any CPU.Build.0 = Release|Any CPU
		{FDDEC266-9E16-48BA-89C9-7FC98AD48324}.Debug|Any CPU.ActiveCfg = Debug|Any CPU
		{FDDEC266-9E16-48BA-89C9-7FC98AD48324}.Debug|Any CPU.Build.0 = Debug|Any CPU
		{FDDEC266-9E16-48BA-89C9-7FC98AD48324}.Release|Any CPU.ActiveCfg = Release|Any CPU
		{FDDEC266-9E16-48BA-89C9-7FC98AD48324}.Release|Any CPU.Build.0 = Release|Any CPU
		{110C8A5F-7647-424F-8EEB-0A52272D5C7C}.Debug|Any CPU.ActiveCfg = Debug|Any CPU
		{110C8A5F-7647-424F-8EEB-0A52272D5C7C}.Debug|Any CPU.Build.0 = Debug|Any CPU
		{110C8A5F-7647-424F-8EEB-0A52272D5C7C}.Release|Any CPU.ActiveCfg = Release|Any CPU
		{110C8A5F-7647-424F-8EEB-0A52272D5C7C}.Release|Any CPU.Build.0 = Release|Any CPU
		{BDD31A56-091C-42DB-A7E6-7DBBE06B6C86}.Debug|Any CPU.ActiveCfg = Debug|Any CPU
		{BDD31A56-091C-42DB-A7E6-7DBBE06B6C86}.Debug|Any CPU.Build.0 = Debug|Any CPU
		{BDD31A56-091C-42DB-A7E6-7DBBE06B6C86}.Release|Any CPU.ActiveCfg = Release|Any CPU
		{BDD31A56-091C-42DB-A7E6-7DBBE06B6C86}.Release|Any CPU.Build.0 = Release|Any CPU
		{7E886B6A-129B-466C-B9F0-C8C6EF1154E2}.Debug|Any CPU.ActiveCfg = Debug|Any CPU
		{7E886B6A-129B-466C-B9F0-C8C6EF1154E2}.Debug|Any CPU.Build.0 = Debug|Any CPU
		{7E886B6A-129B-466C-B9F0-C8C6EF1154E2}.Release|Any CPU.ActiveCfg = Release|Any CPU
		{7E886B6A-129B-466C-B9F0-C8C6EF1154E2}.Release|Any CPU.Build.0 = Release|Any CPU
		{74418671-10B1-4801-901F-B96BC96E0E49}.Debug|Any CPU.ActiveCfg = Debug|Any CPU
		{74418671-10B1-4801-901F-B96BC96E0E49}.Debug|Any CPU.Build.0 = Debug|Any CPU
		{74418671-10B1-4801-901F-B96BC96E0E49}.Release|Any CPU.ActiveCfg = Release|Any CPU
		{74418671-10B1-4801-901F-B96BC96E0E49}.Release|Any CPU.Build.0 = Release|Any CPU
		{E845202C-3D1D-426B-9DA4-090BEB4A9CD5}.Debug|Any CPU.ActiveCfg = Debug|Any CPU
		{E845202C-3D1D-426B-9DA4-090BEB4A9CD5}.Debug|Any CPU.Build.0 = Debug|Any CPU
		{E845202C-3D1D-426B-9DA4-090BEB4A9CD5}.Release|Any CPU.ActiveCfg = Release|Any CPU
		{E845202C-3D1D-426B-9DA4-090BEB4A9CD5}.Release|Any CPU.Build.0 = Release|Any CPU
		{EAB51C4E-7F40-41F2-85B4-AD34116D371B}.Debug|Any CPU.ActiveCfg = Debug|Any CPU
		{EAB51C4E-7F40-41F2-85B4-AD34116D371B}.Debug|Any CPU.Build.0 = Debug|Any CPU
		{EAB51C4E-7F40-41F2-85B4-AD34116D371B}.Release|Any CPU.ActiveCfg = Release|Any CPU
		{EAB51C4E-7F40-41F2-85B4-AD34116D371B}.Release|Any CPU.Build.0 = Release|Any CPU
		{CA342EAD-6A96-4896-84CC-499A9216270E}.Debug|Any CPU.ActiveCfg = Debug|Any CPU
		{CA342EAD-6A96-4896-84CC-499A9216270E}.Debug|Any CPU.Build.0 = Debug|Any CPU
		{CA342EAD-6A96-4896-84CC-499A9216270E}.Release|Any CPU.ActiveCfg = Release|Any CPU
		{CA342EAD-6A96-4896-84CC-499A9216270E}.Release|Any CPU.Build.0 = Release|Any CPU
		{AD123365-A9BC-475D-BE5D-5F288BBB0161}.Debug|Any CPU.ActiveCfg = Debug|Any CPU
		{AD123365-A9BC-475D-BE5D-5F288BBB0161}.Debug|Any CPU.Build.0 = Debug|Any CPU
		{AD123365-A9BC-475D-BE5D-5F288BBB0161}.Release|Any CPU.ActiveCfg = Release|Any CPU
		{AD123365-A9BC-475D-BE5D-5F288BBB0161}.Release|Any CPU.Build.0 = Release|Any CPU
		{05DA0029-0138-499D-8B2F-997810F2F3B9}.Debug|Any CPU.ActiveCfg = Debug|Any CPU
		{05DA0029-0138-499D-8B2F-997810F2F3B9}.Debug|Any CPU.Build.0 = Debug|Any CPU
		{05DA0029-0138-499D-8B2F-997810F2F3B9}.Release|Any CPU.ActiveCfg = Release|Any CPU
		{05DA0029-0138-499D-8B2F-997810F2F3B9}.Release|Any CPU.Build.0 = Release|Any CPU
		{62BC58F6-CC40-4D23-B7ED-B34F635AD70E}.Debug|Any CPU.ActiveCfg = Debug|Any CPU
		{62BC58F6-CC40-4D23-B7ED-B34F635AD70E}.Debug|Any CPU.Build.0 = Debug|Any CPU
		{62BC58F6-CC40-4D23-B7ED-B34F635AD70E}.Release|Any CPU.ActiveCfg = Release|Any CPU
		{62BC58F6-CC40-4D23-B7ED-B34F635AD70E}.Release|Any CPU.Build.0 = Release|Any CPU
		{35C5F5C0-99D6-4B36-BF3E-615D8E08E1F7}.Debug|Any CPU.ActiveCfg = Debug|Any CPU
		{35C5F5C0-99D6-4B36-BF3E-615D8E08E1F7}.Debug|Any CPU.Build.0 = Debug|Any CPU
		{35C5F5C0-99D6-4B36-BF3E-615D8E08E1F7}.Release|Any CPU.ActiveCfg = Release|Any CPU
		{35C5F5C0-99D6-4B36-BF3E-615D8E08E1F7}.Release|Any CPU.Build.0 = Release|Any CPU
		{1AF970F9-3315-43DD-8E9D-4A43DCD2FC49}.Debug|Any CPU.ActiveCfg = Debug|Any CPU
		{1AF970F9-3315-43DD-8E9D-4A43DCD2FC49}.Debug|Any CPU.Build.0 = Debug|Any CPU
		{1AF970F9-3315-43DD-8E9D-4A43DCD2FC49}.Release|Any CPU.ActiveCfg = Release|Any CPU
		{1AF970F9-3315-43DD-8E9D-4A43DCD2FC49}.Release|Any CPU.Build.0 = Release|Any CPU
		{FA1BE20A-A641-4C91-8B27-00974BE2FF26}.Debug|Any CPU.ActiveCfg = Debug|Any CPU
		{FA1BE20A-A641-4C91-8B27-00974BE2FF26}.Debug|Any CPU.Build.0 = Debug|Any CPU
		{FA1BE20A-A641-4C91-8B27-00974BE2FF26}.Release|Any CPU.ActiveCfg = Release|Any CPU
		{FA1BE20A-A641-4C91-8B27-00974BE2FF26}.Release|Any CPU.Build.0 = Release|Any CPU
		{11212166-DAE2-456E-9EE2-E732E1B3E784}.Debug|Any CPU.ActiveCfg = Debug|Any CPU
		{11212166-DAE2-456E-9EE2-E732E1B3E784}.Debug|Any CPU.Build.0 = Debug|Any CPU
		{11212166-DAE2-456E-9EE2-E732E1B3E784}.Release|Any CPU.ActiveCfg = Release|Any CPU
		{11212166-DAE2-456E-9EE2-E732E1B3E784}.Release|Any CPU.Build.0 = Release|Any CPU
		{D54F5E3E-F13F-4348-8CEE-D3C0A4B87001}.Debug|Any CPU.ActiveCfg = Debug|Any CPU
		{D54F5E3E-F13F-4348-8CEE-D3C0A4B87001}.Debug|Any CPU.Build.0 = Debug|Any CPU
		{D54F5E3E-F13F-4348-8CEE-D3C0A4B87001}.Release|Any CPU.ActiveCfg = Release|Any CPU
		{D54F5E3E-F13F-4348-8CEE-D3C0A4B87001}.Release|Any CPU.Build.0 = Release|Any CPU
	EndGlobalSection
	GlobalSection(SolutionProperties) = preSolution
		HideSolutionNode = FALSE
	EndGlobalSection
	GlobalSection(NestedProjects) = preSolution
		{4C1C816F-14E8-4544-B8F4-8F05C9820503} = {695D92CB-3DD6-433B-B7B7-9F51A5537808}
		{695D92CB-3DD6-433B-B7B7-9F51A5537808} = {7C6355A7-9086-4878-8588-B9571E07DD51}
		{24E0B997-C494-449F-B1BD-860D260FDBE9} = {7C6355A7-9086-4878-8588-B9571E07DD51}
		{5FC2030D-5281-4F0A-80B2-06AC6FD9BA98} = {24E0B997-C494-449F-B1BD-860D260FDBE9}
		{CC16EA53-0F62-4E87-B9B3-355217E1CBE4} = {24E0B997-C494-449F-B1BD-860D260FDBE9}
		{F7DB4805-3D3D-4E51-9017-D05743A093FA} = {24E0B997-C494-449F-B1BD-860D260FDBE9}
		{C0D45F49-EB5D-4ADE-A182-44F61746EF79} = {5FC2030D-5281-4F0A-80B2-06AC6FD9BA98}
		{FDDEC266-9E16-48BA-89C9-7FC98AD48324} = {CC16EA53-0F62-4E87-B9B3-355217E1CBE4}
		{110C8A5F-7647-424F-8EEB-0A52272D5C7C} = {F7DB4805-3D3D-4E51-9017-D05743A093FA}
		{71E5D0C2-81F2-4693-8BDC-7CB3044B2D35} = {7C6355A7-9086-4878-8588-B9571E07DD51}
		{A85ECD1B-8049-4199-9132-0072F39E10F6} = {71E5D0C2-81F2-4693-8BDC-7CB3044B2D35}
		{A3AAE6BA-30BA-42AD-A117-30A9EA10CA46} = {71E5D0C2-81F2-4693-8BDC-7CB3044B2D35}
		{D848C259-E8CC-44D0-BAA0-44B2EA8760B3} = {71E5D0C2-81F2-4693-8BDC-7CB3044B2D35}
		{8FDB6C23-0D17-4BC0-BD5D-3E161B994A65} = {7C6355A7-9086-4878-8588-B9571E07DD51}
		{E770BE5D-3113-49CD-A67D-8FA4F6564C75} = {8FDB6C23-0D17-4BC0-BD5D-3E161B994A65}
		{C442C192-DEC2-42D1-BC62-F79882A75E29} = {8FDB6C23-0D17-4BC0-BD5D-3E161B994A65}
		{E3CA2B64-CFD0-433E-BFFD-AC86DD91013B} = {8FDB6C23-0D17-4BC0-BD5D-3E161B994A65}
		{CF83B29F-D3CD-4C7D-9E12-F9E90DB8EE57} = {8FDB6C23-0D17-4BC0-BD5D-3E161B994A65}
		{BDD31A56-091C-42DB-A7E6-7DBBE06B6C86} = {A85ECD1B-8049-4199-9132-0072F39E10F6}
		{7E886B6A-129B-466C-B9F0-C8C6EF1154E2} = {A3AAE6BA-30BA-42AD-A117-30A9EA10CA46}
		{74418671-10B1-4801-901F-B96BC96E0E49} = {D848C259-E8CC-44D0-BAA0-44B2EA8760B3}
		{E845202C-3D1D-426B-9DA4-090BEB4A9CD5} = {E770BE5D-3113-49CD-A67D-8FA4F6564C75}
		{EAB51C4E-7F40-41F2-85B4-AD34116D371B} = {C442C192-DEC2-42D1-BC62-F79882A75E29}
		{CA342EAD-6A96-4896-84CC-499A9216270E} = {E3CA2B64-CFD0-433E-BFFD-AC86DD91013B}
		{54B40AB4-8AC2-4B74-B071-E3289FE4742F} = {8FDB6C23-0D17-4BC0-BD5D-3E161B994A65}
		{7475CFF1-AE99-40B0-91A9-DA8A21B5106F} = {8FDB6C23-0D17-4BC0-BD5D-3E161B994A65}
		{AD123365-A9BC-475D-BE5D-5F288BBB0161} = {7475CFF1-AE99-40B0-91A9-DA8A21B5106F}
		{05DA0029-0138-499D-8B2F-997810F2F3B9} = {7475CFF1-AE99-40B0-91A9-DA8A21B5106F}
		{62BC58F6-CC40-4D23-B7ED-B34F635AD70E} = {CF83B29F-D3CD-4C7D-9E12-F9E90DB8EE57}
		{35C5F5C0-99D6-4B36-BF3E-615D8E08E1F7} = {54B40AB4-8AC2-4B74-B071-E3289FE4742F}
		{EC67A752-6535-4ABD-888B-8F2F2084CC8F} = {7C6355A7-9086-4878-8588-B9571E07DD51}
		{1AF970F9-3315-43DD-8E9D-4A43DCD2FC49} = {EC67A752-6535-4ABD-888B-8F2F2084CC8F}
		{FA1BE20A-A641-4C91-8B27-00974BE2FF26} = {EC67A752-6535-4ABD-888B-8F2F2084CC8F}
		{11212166-DAE2-456E-9EE2-E732E1B3E784} = {EC67A752-6535-4ABD-888B-8F2F2084CC8F}
		{D54F5E3E-F13F-4348-8CEE-D3C0A4B87001} = {EC67A752-6535-4ABD-888B-8F2F2084CC8F}
	EndGlobalSection
	GlobalSection(ExtensibilityGlobals) = postSolution
		SolutionGuid = {B0185281-FAF8-48D4-A276-100585612B88}
	EndGlobalSection
EndGlobal
