
Microsoft Visual Studio Solution File, Format Version 12.00
# Visual Studio Version 16
VisualStudioVersion = 16.0.29519.87
MinimumVisualStudioVersion = 10.0.40219.1
Project("{9A19103F-16F7-4668-BE54-9A1E7A4F7556}") = "Aula1", "Aula1\Aula1.csproj", "{4C1C816F-14E8-4544-B8F4-8F05C9820503}"
EndProject
Project("{2150E333-8FDC-42A3-9474-1A3956D46DE8}") = "Parte 1", "Parte 1", "{7C6355A7-9086-4878-8588-B9571E07DD51}"
EndProject
Project("{2150E333-8FDC-42A3-9474-1A3956D46DE8}") = "Aula 1", "Aula 1", "{695D92CB-3DD6-433B-B7B7-9F51A5537808}"
EndProject
Project("{2150E333-8FDC-42A3-9474-1A3956D46DE8}") = "Aula 2", "Aula 2", "{24E0B997-C494-449F-B1BD-860D260FDBE9}"
EndProject
Project("{FAE04EC0-301F-11D3-BF4B-00C04F79EFBC}") = "Aula2", "Aula2\Aula2.csproj", "{F0E8A2A1-6549-4B5A-857A-EF7F1E822153}"
EndProject
Global
	GlobalSection(SolutionConfigurationPlatforms) = preSolution
		Debug|Any CPU = Debug|Any CPU
		Release|Any CPU = Release|Any CPU
	EndGlobalSection
	GlobalSection(ProjectConfigurationPlatforms) = postSolution
		{4C1C816F-14E8-4544-B8F4-8F05C9820503}.Debug|Any CPU.ActiveCfg = Debug|Any CPU
		{4C1C816F-14E8-4544-B8F4-8F05C9820503}.Debug|Any CPU.Build.0 = Debug|Any CPU
		{4C1C816F-14E8-4544-B8F4-8F05C9820503}.Release|Any CPU.ActiveCfg = Release|Any CPU
		{4C1C816F-14E8-4544-B8F4-8F05C9820503}.Release|Any CPU.Build.0 = Release|Any CPU
		{F0E8A2A1-6549-4B5A-857A-EF7F1E822153}.Debug|Any CPU.ActiveCfg = Debug|Any CPU
		{F0E8A2A1-6549-4B5A-857A-EF7F1E822153}.Debug|Any CPU.Build.0 = Debug|Any CPU
		{F0E8A2A1-6549-4B5A-857A-EF7F1E822153}.Release|Any CPU.ActiveCfg = Release|Any CPU
		{F0E8A2A1-6549-4B5A-857A-EF7F1E822153}.Release|Any CPU.Build.0 = Release|Any CPU
	EndGlobalSection
	GlobalSection(SolutionProperties) = preSolution
		HideSolutionNode = FALSE
	EndGlobalSection
	GlobalSection(NestedProjects) = preSolution
		{4C1C816F-14E8-4544-B8F4-8F05C9820503} = {695D92CB-3DD6-433B-B7B7-9F51A5537808}
		{695D92CB-3DD6-433B-B7B7-9F51A5537808} = {7C6355A7-9086-4878-8588-B9571E07DD51}
		{24E0B997-C494-449F-B1BD-860D260FDBE9} = {7C6355A7-9086-4878-8588-B9571E07DD51}
		{F0E8A2A1-6549-4B5A-857A-EF7F1E822153} = {24E0B997-C494-449F-B1BD-860D260FDBE9}
	EndGlobalSection
	GlobalSection(ExtensibilityGlobals) = postSolution
		SolutionGuid = {B0185281-FAF8-48D4-A276-100585612B88}
	EndGlobalSection
EndGlobal
