
Microsoft Visual Studio Solution File, Format Version 12.00
# Visual Studio Version 16
VisualStudioVersion = 16.0.29519.87
MinimumVisualStudioVersion = 10.0.40219.1
Project("{9A19103F-16F7-4668-BE54-9A1E7A4F7556}") = "Aula1", "Aula1\Aula1.csproj", "{4C1C816F-14E8-4544-B8F4-8F05C9820503}"
EndProject
Project("{2150E333-8FDC-42A3-9474-1A3956D46DE8}") = "Parte 1", "Parte 1", "{7C6355A7-9086-4878-8588-B9571E07DD51}"
EndProject
Project("{2150E333-8FDC-42A3-9474-1A3956D46DE8}") = "Aula 1", "Aula 1", "{695D92CB-3DD6-433B-B7B7-9F51A5537808}"
EndProject
Project("{2150E333-8FDC-42A3-9474-1A3956D46DE8}") = "Aula 2", "Aula 2", "{24E0B997-C494-449F-B1BD-860D260FDBE9}"
EndProject
Project("{2150E333-8FDC-42A3-9474-1A3956D46DE8}") = "1-Tipo valor definidos", "1-Tipo valor definidos", "{5FC2030D-5281-4F0A-80B2-06AC6FD9BA98}"
EndProject
Project("{2150E333-8FDC-42A3-9474-1A3956D46DE8}") = "2- Enums", "2- Enums", "{CC16EA53-0F62-4E87-B9B3-355217E1CBE4}"
EndProject
Project("{2150E333-8FDC-42A3-9474-1A3956D46DE8}") = "3- Casting", "3- Casting", "{F7DB4805-3D3D-4E51-9017-D05743A093FA}"
EndProject
Project("{9A19103F-16F7-4668-BE54-9A1E7A4F7556}") = "Aula2_TipoValorPredefinidos", "Aula2\Aula2_TipoValorPredefinidos\Aula2_TipoValorPredefinidos.csproj", "{C0D45F49-EB5D-4ADE-A182-44F61746EF79}"
EndProject
Project("{9A19103F-16F7-4668-BE54-9A1E7A4F7556}") = "Aula2_Enumeradores", "Aula2\Aula2_Enumeradores\Aula2_Enumeradores.csproj", "{FDDEC266-9E16-48BA-89C9-7FC98AD48324}"
EndProject
Project("{9A19103F-16F7-4668-BE54-9A1E7A4F7556}") = "Aula2_Casting", "Aula2\Aula2_Casting\Aula2_Casting.csproj", "{110C8A5F-7647-424F-8EEB-0A52272D5C7C}"
EndProject
Global
	GlobalSection(SolutionConfigurationPlatforms) = preSolution
		Debug|Any CPU = Debug|Any CPU
		Release|Any CPU = Release|Any CPU
	EndGlobalSection
	GlobalSection(ProjectConfigurationPlatforms) = postSolution
		{4C1C816F-14E8-4544-B8F4-8F05C9820503}.Debug|Any CPU.ActiveCfg = Debug|Any CPU
		{4C1C816F-14E8-4544-B8F4-8F05C9820503}.Debug|Any CPU.Build.0 = Debug|Any CPU
		{4C1C816F-14E8-4544-B8F4-8F05C9820503}.Release|Any CPU.ActiveCfg = Release|Any CPU
		{4C1C816F-14E8-4544-B8F4-8F05C9820503}.Release|Any CPU.Build.0 = Release|Any CPU
		{C0D45F49-EB5D-4ADE-A182-44F61746EF79}.Debug|Any CPU.ActiveCfg = Debug|Any CPU
		{C0D45F49-EB5D-4ADE-A182-44F61746EF79}.Debug|Any CPU.Build.0 = Debug|Any CPU
		{C0D45F49-EB5D-4ADE-A182-44F61746EF79}.Release|Any CPU.ActiveCfg = Release|Any CPU
		{C0D45F49-EB5D-4ADE-A182-44F61746EF79}.Release|Any CPU.Build.0 = Release|Any CPU
		{FDDEC266-9E16-48BA-89C9-7FC98AD48324}.Debug|Any CPU.ActiveCfg = Debug|Any CPU
		{FDDEC266-9E16-48BA-89C9-7FC98AD48324}.Debug|Any CPU.Build.0 = Debug|Any CPU
		{FDDEC266-9E16-48BA-89C9-7FC98AD48324}.Release|Any CPU.ActiveCfg = Release|Any CPU
		{FDDEC266-9E16-48BA-89C9-7FC98AD48324}.Release|Any CPU.Build.0 = Release|Any CPU
		{110C8A5F-7647-424F-8EEB-0A52272D5C7C}.Debug|Any CPU.ActiveCfg = Debug|Any CPU
		{110C8A5F-7647-424F-8EEB-0A52272D5C7C}.Debug|Any CPU.Build.0 = Debug|Any CPU
		{110C8A5F-7647-424F-8EEB-0A52272D5C7C}.Release|Any CPU.ActiveCfg = Release|Any CPU
		{110C8A5F-7647-424F-8EEB-0A52272D5C7C}.Release|Any CPU.Build.0 = Release|Any CPU
	EndGlobalSection
	GlobalSection(SolutionProperties) = preSolution
		HideSolutionNode = FALSE
	EndGlobalSection
	GlobalSection(NestedProjects) = preSolution
		{4C1C816F-14E8-4544-B8F4-8F05C9820503} = {695D92CB-3DD6-433B-B7B7-9F51A5537808}
		{695D92CB-3DD6-433B-B7B7-9F51A5537808} = {7C6355A7-9086-4878-8588-B9571E07DD51}
		{24E0B997-C494-449F-B1BD-860D260FDBE9} = {7C6355A7-9086-4878-8588-B9571E07DD51}
		{5FC2030D-5281-4F0A-80B2-06AC6FD9BA98} = {24E0B997-C494-449F-B1BD-860D260FDBE9}
		{CC16EA53-0F62-4E87-B9B3-355217E1CBE4} = {24E0B997-C494-449F-B1BD-860D260FDBE9}
		{F7DB4805-3D3D-4E51-9017-D05743A093FA} = {24E0B997-C494-449F-B1BD-860D260FDBE9}
		{C0D45F49-EB5D-4ADE-A182-44F61746EF79} = {5FC2030D-5281-4F0A-80B2-06AC6FD9BA98}
		{FDDEC266-9E16-48BA-89C9-7FC98AD48324} = {CC16EA53-0F62-4E87-B9B3-355217E1CBE4}
		{110C8A5F-7647-424F-8EEB-0A52272D5C7C} = {F7DB4805-3D3D-4E51-9017-D05743A093FA}
	EndGlobalSection
	GlobalSection(ExtensibilityGlobals) = postSolution
		SolutionGuid = {B0185281-FAF8-48D4-A276-100585612B88}
	EndGlobalSection
EndGlobal
